
Microsoft Visual Studio Solution File, Format Version 12.00
# Visual Studio 15
VisualStudioVersion = 15.0.26730.15
MinimumVisualStudioVersion = 10.0.40219.1
Project("{FAE04EC0-301F-11D3-BF4B-00C04F79EFBC}") = "Bowling.Tests", "tests\BowlingTests\Bowling.Tests.csproj", "{36741671-9781-4747-9E22-AA42415D8198}"
EndProject
Project("{FAE04EC0-301F-11D3-BF4B-00C04F79EFBC}") = "Bowling", "src\Bowling\Bowling.csproj", "{BBC2345D-4390-445C-ABBC-C3DB83163496}"
EndProject
Project("{FAE04EC0-301F-11D3-BF4B-00C04F79EFBC}") = "Bolwing.Game", "src\BolwingGame\Bolwing.Game.csproj", "{AC5C15CC-4F39-4B12-B057-D2216357E12D}"
EndProject
Global
	GlobalSection(SolutionConfigurationPlatforms) = preSolution
		Debug|Any CPU = Debug|Any CPU
		Release|Any CPU = Release|Any CPU
	EndGlobalSection
	GlobalSection(ProjectConfigurationPlatforms) = postSolution
		{36741671-9781-4747-9E22-AA42415D8198}.Debug|Any CPU.ActiveCfg = Debug|Any CPU
		{36741671-9781-4747-9E22-AA42415D8198}.Debug|Any CPU.Build.0 = Debug|Any CPU
		{36741671-9781-4747-9E22-AA42415D8198}.Release|Any CPU.ActiveCfg = Release|Any CPU
		{36741671-9781-4747-9E22-AA42415D8198}.Release|Any CPU.Build.0 = Release|Any CPU
		{BBC2345D-4390-445C-ABBC-C3DB83163496}.Debug|Any CPU.ActiveCfg = Debug|Any CPU
		{BBC2345D-4390-445C-ABBC-C3DB83163496}.Debug|Any CPU.Build.0 = Debug|Any CPU
		{BBC2345D-4390-445C-ABBC-C3DB83163496}.Release|Any CPU.ActiveCfg = Release|Any CPU
		{BBC2345D-4390-445C-ABBC-C3DB83163496}.Release|Any CPU.Build.0 = Release|Any CPU
		{AC5C15CC-4F39-4B12-B057-D2216357E12D}.Debug|Any CPU.ActiveCfg = Debug|Any CPU
		{AC5C15CC-4F39-4B12-B057-D2216357E12D}.Debug|Any CPU.Build.0 = Debug|Any CPU
		{AC5C15CC-4F39-4B12-B057-D2216357E12D}.Release|Any CPU.ActiveCfg = Release|Any CPU
		{AC5C15CC-4F39-4B12-B057-D2216357E12D}.Release|Any CPU.Build.0 = Release|Any CPU
	EndGlobalSection
	GlobalSection(SolutionProperties) = preSolution
		HideSolutionNode = FALSE
	EndGlobalSection
	GlobalSection(ExtensibilityGlobals) = postSolution
		SolutionGuid = {3F93A4DE-C82D-4CF0-8370-4969C3328E12}
	EndGlobalSection
EndGlobal
